
Microsoft Visual Studio Solution File, Format Version 12.00
# Visual Studio 14
VisualStudioVersion = 14.0.25420.1
MinimumVisualStudioVersion = 10.0.40219.1
Project("{FAE04EC0-301F-11D3-BF4B-00C04F79EFBC}") = "SerialPortDemo", "SerialPortDemo\SerialPortDemo.csproj", "{23ACD304-573F-4EBF-B65A-9C65A647AC7C}"
EndProject
Project("{54435603-DBB4-11D2-8724-00A0C9A8B90C}") = "SPTest", "SPTest\SPTest.vdproj", "{C67729E0-1C44-432F-BFB0-3841D5C400B5}"
EndProject
Global
	GlobalSection(SolutionConfigurationPlatforms) = preSolution
		Debug|Any CPU = Debug|Any CPU
		Release|Any CPU = Release|Any CPU
	EndGlobalSection
	GlobalSection(ProjectConfigurationPlatforms) = postSolution
		{23ACD304-573F-4EBF-B65A-9C65A647AC7C}.Debug|Any CPU.ActiveCfg = Debug|Any CPU
		{23ACD304-573F-4EBF-B65A-9C65A647AC7C}.Debug|Any CPU.Build.0 = Debug|Any CPU
		{23ACD304-573F-4EBF-B65A-9C65A647AC7C}.Release|Any CPU.ActiveCfg = Release|Any CPU
		{23ACD304-573F-4EBF-B65A-9C65A647AC7C}.Release|Any CPU.Build.0 = Release|Any CPU
		{C67729E0-1C44-432F-BFB0-3841D5C400B5}.Debug|Any CPU.ActiveCfg = Debug
		{C67729E0-1C44-432F-BFB0-3841D5C400B5}.Release|Any CPU.ActiveCfg = Release
	EndGlobalSection
	GlobalSection(SolutionProperties) = preSolution
		HideSolutionNode = FALSE
	EndGlobalSection
EndGlobal
